
Microsoft Visual Studio Solution File, Format Version 12.00
# Visual Studio 15
VisualStudioVersion = 15.0.26730.8
MinimumVisualStudioVersion = 10.0.40219.1
Project("{9A19103F-16F7-4668-BE54-9A1E7A4F7556}") = "DraughtsTests", "DraughtsTest\DraughtsTests.csproj", "{45CB009D-2E07-4DA5-9D88-33FAF23CBB7A}"
EndProject
Project("{FAE04EC0-301F-11D3-BF4B-00C04F79EFBC}") = "DraughtsFramework", "DraughtsFramework\DraughtsFramework.csproj", "{09B8C6BF-6599-4262-BAE9-B72F51AE5513}"
EndProject
Project("{FAE04EC0-301F-11D3-BF4B-00C04F79EFBC}") = "DraughtsConsole", "DraughtsConsole\DraughtsConsole.csproj", "{D5606F9A-8752-4084-A3BF-9614AD28A64C}"
EndProject
Project("{FAE04EC0-301F-11D3-BF4B-00C04F79EFBC}") = "DraughtsGUI", "DraughtsGUI\DraughtsGUI.csproj", "{0CC9AE07-EBC7-40ED-82D5-A90D9E6CA52B}"
EndProject
Global
	GlobalSection(SolutionConfigurationPlatforms) = preSolution
		Debug|Any CPU = Debug|Any CPU
		Release|Any CPU = Release|Any CPU
	EndGlobalSection
	GlobalSection(ProjectConfigurationPlatforms) = postSolution
		{45CB009D-2E07-4DA5-9D88-33FAF23CBB7A}.Debug|Any CPU.ActiveCfg = Debug|Any CPU
		{45CB009D-2E07-4DA5-9D88-33FAF23CBB7A}.Debug|Any CPU.Build.0 = Debug|Any CPU
		{45CB009D-2E07-4DA5-9D88-33FAF23CBB7A}.Release|Any CPU.ActiveCfg = Release|Any CPU
		{45CB009D-2E07-4DA5-9D88-33FAF23CBB7A}.Release|Any CPU.Build.0 = Release|Any CPU
		{09B8C6BF-6599-4262-BAE9-B72F51AE5513}.Debug|Any CPU.ActiveCfg = Debug|Any CPU
		{09B8C6BF-6599-4262-BAE9-B72F51AE5513}.Debug|Any CPU.Build.0 = Debug|Any CPU
		{09B8C6BF-6599-4262-BAE9-B72F51AE5513}.Release|Any CPU.ActiveCfg = Release|Any CPU
		{09B8C6BF-6599-4262-BAE9-B72F51AE5513}.Release|Any CPU.Build.0 = Release|Any CPU
		{D5606F9A-8752-4084-A3BF-9614AD28A64C}.Debug|Any CPU.ActiveCfg = Debug|Any CPU
		{D5606F9A-8752-4084-A3BF-9614AD28A64C}.Debug|Any CPU.Build.0 = Debug|Any CPU
		{D5606F9A-8752-4084-A3BF-9614AD28A64C}.Release|Any CPU.ActiveCfg = Release|Any CPU
		{D5606F9A-8752-4084-A3BF-9614AD28A64C}.Release|Any CPU.Build.0 = Release|Any CPU
		{0CC9AE07-EBC7-40ED-82D5-A90D9E6CA52B}.Debug|Any CPU.ActiveCfg = Debug|Any CPU
		{0CC9AE07-EBC7-40ED-82D5-A90D9E6CA52B}.Debug|Any CPU.Build.0 = Debug|Any CPU
		{0CC9AE07-EBC7-40ED-82D5-A90D9E6CA52B}.Release|Any CPU.ActiveCfg = Release|Any CPU
		{0CC9AE07-EBC7-40ED-82D5-A90D9E6CA52B}.Release|Any CPU.Build.0 = Release|Any CPU
	EndGlobalSection
	GlobalSection(SolutionProperties) = preSolution
		HideSolutionNode = FALSE
	EndGlobalSection
	GlobalSection(ExtensibilityGlobals) = postSolution
		SolutionGuid = {1AD5C1C8-56DA-4350-8E3F-71653CFA2198}
	EndGlobalSection
EndGlobal
